
Microsoft Visual Studio Solution File, Format Version 12.00
# Visual Studio Version 17
VisualStudioVersion = 17.10.35027.167
MinimumVisualStudioVersion = 10.0.40219.1
Project("{FAE04EC0-301F-11D3-BF4B-00C04F79EFBC}") = "sumofnumbers", "sumofnumbers\sumofnumbers.csproj", "{28F0506E-7C08-4E72-AEA8-9DC28D886AA8}"
EndProject
Global
	GlobalSection(SolutionConfigurationPlatforms) = preSolution
		Debug|Any CPU = Debug|Any CPU
		Release|Any CPU = Release|Any CPU
	EndGlobalSection
	GlobalSection(ProjectConfigurationPlatforms) = postSolution
		{28F0506E-7C08-4E72-AEA8-9DC28D886AA8}.Debug|Any CPU.ActiveCfg = Debug|Any CPU
		{28F0506E-7C08-4E72-AEA8-9DC28D886AA8}.Debug|Any CPU.Build.0 = Debug|Any CPU
		{28F0506E-7C08-4E72-AEA8-9DC28D886AA8}.Release|Any CPU.ActiveCfg = Release|Any CPU
		{28F0506E-7C08-4E72-AEA8-9DC28D886AA8}.Release|Any CPU.Build.0 = Release|Any CPU
	EndGlobalSection
	GlobalSection(SolutionProperties) = preSolution
		HideSolutionNode = FALSE
	EndGlobalSection
	GlobalSection(ExtensibilityGlobals) = postSolution
		SolutionGuid = {6AD571EE-EBB9-48D1-95B6-526179B2CFD1}
	EndGlobalSection
EndGlobal
